
Microsoft Visual Studio Solution File, Format Version 12.00
# Visual Studio 15
VisualStudioVersion = 15.0.27703.2047
MinimumVisualStudioVersion = 10.0.40219.1
Project("{FAE04EC0-301F-11D3-BF4B-00C04F79EFBC}") = "TrolleyAutomation.Android", "TrolleyAutomation\TrolleyAutomation.Android\TrolleyAutomation.Android.csproj", "{1BD758F9-EF4F-4036-8578-FB0AE95B89BC}"
EndProject
Project("{FAE04EC0-301F-11D3-BF4B-00C04F79EFBC}") = "TrolleyAutomation.iOS", "TrolleyAutomation\TrolleyAutomation.iOS\TrolleyAutomation.iOS.csproj", "{C6F9F8D7-8B45-49E6-891E-9AF965BCC389}"
EndProject
Project("{FAE04EC0-301F-11D3-BF4B-00C04F79EFBC}") = "TrolleyAutomation", "TrolleyAutomation\TrolleyAutomation\TrolleyAutomation.csproj", "{5A878686-084C-4544-8ED7-C2621A8FE266}"
EndProject
Global
	GlobalSection(SolutionConfigurationPlatforms) = preSolution
		Ad-Hoc|Any CPU = Ad-Hoc|Any CPU
		Ad-Hoc|iPhone = Ad-Hoc|iPhone
		Ad-Hoc|iPhoneSimulator = Ad-Hoc|iPhoneSimulator
		AppStore|Any CPU = AppStore|Any CPU
		AppStore|iPhone = AppStore|iPhone
		AppStore|iPhoneSimulator = AppStore|iPhoneSimulator
		Debug|Any CPU = Debug|Any CPU
		Debug|iPhone = Debug|iPhone
		Debug|iPhoneSimulator = Debug|iPhoneSimulator
		Release|Any CPU = Release|Any CPU
		Release|iPhone = Release|iPhone
		Release|iPhoneSimulator = Release|iPhoneSimulator
	EndGlobalSection
	GlobalSection(ProjectConfigurationPlatforms) = postSolution
		{1BD758F9-EF4F-4036-8578-FB0AE95B89BC}.Ad-Hoc|Any CPU.ActiveCfg = Release|Any CPU
		{1BD758F9-EF4F-4036-8578-FB0AE95B89BC}.Ad-Hoc|Any CPU.Build.0 = Release|Any CPU
		{1BD758F9-EF4F-4036-8578-FB0AE95B89BC}.Ad-Hoc|Any CPU.Deploy.0 = Release|Any CPU
		{1BD758F9-EF4F-4036-8578-FB0AE95B89BC}.Ad-Hoc|iPhone.ActiveCfg = Release|Any CPU
		{1BD758F9-EF4F-4036-8578-FB0AE95B89BC}.Ad-Hoc|iPhone.Build.0 = Release|Any CPU
		{1BD758F9-EF4F-4036-8578-FB0AE95B89BC}.Ad-Hoc|iPhone.Deploy.0 = Release|Any CPU
		{1BD758F9-EF4F-4036-8578-FB0AE95B89BC}.Ad-Hoc|iPhoneSimulator.ActiveCfg = Release|Any CPU
		{1BD758F9-EF4F-4036-8578-FB0AE95B89BC}.Ad-Hoc|iPhoneSimulator.Build.0 = Release|Any CPU
		{1BD758F9-EF4F-4036-8578-FB0AE95B89BC}.Ad-Hoc|iPhoneSimulator.Deploy.0 = Release|Any CPU
		{1BD758F9-EF4F-4036-8578-FB0AE95B89BC}.AppStore|Any CPU.ActiveCfg = Release|Any CPU
		{1BD758F9-EF4F-4036-8578-FB0AE95B89BC}.AppStore|Any CPU.Build.0 = Release|Any CPU
		{1BD758F9-EF4F-4036-8578-FB0AE95B89BC}.AppStore|Any CPU.Deploy.0 = Release|Any CPU
		{1BD758F9-EF4F-4036-8578-FB0AE95B89BC}.AppStore|iPhone.ActiveCfg = Release|Any CPU
		{1BD758F9-EF4F-4036-8578-FB0AE95B89BC}.AppStore|iPhone.Build.0 = Release|Any CPU
		{1BD758F9-EF4F-4036-8578-FB0AE95B89BC}.AppStore|iPhone.Deploy.0 = Release|Any CPU
		{1BD758F9-EF4F-4036-8578-FB0AE95B89BC}.AppStore|iPhoneSimulator.ActiveCfg = Release|Any CPU
		{1BD758F9-EF4F-4036-8578-FB0AE95B89BC}.AppStore|iPhoneSimulator.Build.0 = Release|Any CPU
		{1BD758F9-EF4F-4036-8578-FB0AE95B89BC}.AppStore|iPhoneSimulator.Deploy.0 = Release|Any CPU
		{1BD758F9-EF4F-4036-8578-FB0AE95B89BC}.Debug|Any CPU.ActiveCfg = Debug|Any CPU
		{1BD758F9-EF4F-4036-8578-FB0AE95B89BC}.Debug|Any CPU.Build.0 = Debug|Any CPU
		{1BD758F9-EF4F-4036-8578-FB0AE95B89BC}.Debug|Any CPU.Deploy.0 = Debug|Any CPU
		{1BD758F9-EF4F-4036-8578-FB0AE95B89BC}.Debug|iPhone.ActiveCfg = Debug|Any CPU
		{1BD758F9-EF4F-4036-8578-FB0AE95B89BC}.Debug|iPhone.Build.0 = Debug|Any CPU
		{1BD758F9-EF4F-4036-8578-FB0AE95B89BC}.Debug|iPhone.Deploy.0 = Debug|Any CPU
		{1BD758F9-EF4F-4036-8578-FB0AE95B89BC}.Debug|iPhoneSimulator.ActiveCfg = Debug|Any CPU
		{1BD758F9-EF4F-4036-8578-FB0AE95B89BC}.Debug|iPhoneSimulator.Build.0 = Debug|Any CPU
		{1BD758F9-EF4F-4036-8578-FB0AE95B89BC}.Debug|iPhoneSimulator.Deploy.0 = Debug|Any CPU
		{1BD758F9-EF4F-4036-8578-FB0AE95B89BC}.Release|Any CPU.ActiveCfg = Release|Any CPU
		{1BD758F9-EF4F-4036-8578-FB0AE95B89BC}.Release|Any CPU.Build.0 = Release|Any CPU
		{1BD758F9-EF4F-4036-8578-FB0AE95B89BC}.Release|Any CPU.Deploy.0 = Release|Any CPU
		{1BD758F9-EF4F-4036-8578-FB0AE95B89BC}.Release|iPhone.ActiveCfg = Release|Any CPU
		{1BD758F9-EF4F-4036-8578-FB0AE95B89BC}.Release|iPhone.Build.0 = Release|Any CPU
		{1BD758F9-EF4F-4036-8578-FB0AE95B89BC}.Release|iPhone.Deploy.0 = Release|Any CPU
		{1BD758F9-EF4F-4036-8578-FB0AE95B89BC}.Release|iPhoneSimulator.ActiveCfg = Release|Any CPU
		{1BD758F9-EF4F-4036-8578-FB0AE95B89BC}.Release|iPhoneSimulator.Build.0 = Release|Any CPU
		{1BD758F9-EF4F-4036-8578-FB0AE95B89BC}.Release|iPhoneSimulator.Deploy.0 = Release|Any CPU
		{C6F9F8D7-8B45-49E6-891E-9AF965BCC389}.Ad-Hoc|Any CPU.ActiveCfg = Ad-Hoc|iPhone
		{C6F9F8D7-8B45-49E6-891E-9AF965BCC389}.Ad-Hoc|Any CPU.Build.0 = Ad-Hoc|iPhone
		{C6F9F8D7-8B45-49E6-891E-9AF965BCC389}.Ad-Hoc|Any CPU.Deploy.0 = Ad-Hoc|iPhone
		{C6F9F8D7-8B45-49E6-891E-9AF965BCC389}.Ad-Hoc|iPhone.ActiveCfg = Ad-Hoc|iPhone
		{C6F9F8D7-8B45-49E6-891E-9AF965BCC389}.Ad-Hoc|iPhone.Build.0 = Ad-Hoc|iPhone
		{C6F9F8D7-8B45-49E6-891E-9AF965BCC389}.Ad-Hoc|iPhone.Deploy.0 = Ad-Hoc|iPhone
		{C6F9F8D7-8B45-49E6-891E-9AF965BCC389}.Ad-Hoc|iPhoneSimulator.ActiveCfg = Ad-Hoc|iPhoneSimulator
		{C6F9F8D7-8B45-49E6-891E-9AF965BCC389}.Ad-Hoc|iPhoneSimulator.Build.0 = Ad-Hoc|iPhoneSimulator
		{C6F9F8D7-8B45-49E6-891E-9AF965BCC389}.Ad-Hoc|iPhoneSimulator.Deploy.0 = Ad-Hoc|iPhoneSimulator
		{C6F9F8D7-8B45-49E6-891E-9AF965BCC389}.AppStore|Any CPU.ActiveCfg = AppStore|iPhone
		{C6F9F8D7-8B45-49E6-891E-9AF965BCC389}.AppStore|Any CPU.Build.0 = AppStore|iPhone
		{C6F9F8D7-8B45-49E6-891E-9AF965BCC389}.AppStore|Any CPU.Deploy.0 = AppStore|iPhone
		{C6F9F8D7-8B45-49E6-891E-9AF965BCC389}.AppStore|iPhone.ActiveCfg = AppStore|iPhone
		{C6F9F8D7-8B45-49E6-891E-9AF965BCC389}.AppStore|iPhone.Build.0 = AppStore|iPhone
		{C6F9F8D7-8B45-49E6-891E-9AF965BCC389}.AppStore|iPhone.Deploy.0 = AppStore|iPhone
		{C6F9F8D7-8B45-49E6-891E-9AF965BCC389}.AppStore|iPhoneSimulator.ActiveCfg = AppStore|iPhoneSimulator
		{C6F9F8D7-8B45-49E6-891E-9AF965BCC389}.AppStore|iPhoneSimulator.Build.0 = AppStore|iPhoneSimulator
		{C6F9F8D7-8B45-49E6-891E-9AF965BCC389}.AppStore|iPhoneSimulator.Deploy.0 = AppStore|iPhoneSimulator
		{C6F9F8D7-8B45-49E6-891E-9AF965BCC389}.Debug|Any CPU.ActiveCfg = Debug|iPhoneSimulator
		{C6F9F8D7-8B45-49E6-891E-9AF965BCC389}.Debug|Any CPU.Build.0 = Debug|iPhoneSimulator
		{C6F9F8D7-8B45-49E6-891E-9AF965BCC389}.Debug|Any CPU.Deploy.0 = Debug|iPhoneSimulator
		{C6F9F8D7-8B45-49E6-891E-9AF965BCC389}.Debug|iPhone.ActiveCfg = Debug|iPhone
		{C6F9F8D7-8B45-49E6-891E-9AF965BCC389}.Debug|iPhone.Build.0 = Debug|iPhone
		{C6F9F8D7-8B45-49E6-891E-9AF965BCC389}.Debug|iPhone.Deploy.0 = Debug|iPhone
		{C6F9F8D7-8B45-49E6-891E-9AF965BCC389}.Debug|iPhoneSimulator.ActiveCfg = Debug|iPhoneSimulator
		{C6F9F8D7-8B45-49E6-891E-9AF965BCC389}.Debug|iPhoneSimulator.Build.0 = Debug|iPhoneSimulator
		{C6F9F8D7-8B45-49E6-891E-9AF965BCC389}.Debug|iPhoneSimulator.Deploy.0 = Debug|iPhoneSimulator
		{C6F9F8D7-8B45-49E6-891E-9AF965BCC389}.Release|Any CPU.ActiveCfg = Release|iPhone
		{C6F9F8D7-8B45-49E6-891E-9AF965BCC389}.Release|Any CPU.Build.0 = Release|iPhone
		{C6F9F8D7-8B45-49E6-891E-9AF965BCC389}.Release|Any CPU.Deploy.0 = Release|iPhone
		{C6F9F8D7-8B45-49E6-891E-9AF965BCC389}.Release|iPhone.ActiveCfg = Release|iPhone
		{C6F9F8D7-8B45-49E6-891E-9AF965BCC389}.Release|iPhone.Build.0 = Release|iPhone
		{C6F9F8D7-8B45-49E6-891E-9AF965BCC389}.Release|iPhone.Deploy.0 = Release|iPhone
		{C6F9F8D7-8B45-49E6-891E-9AF965BCC389}.Release|iPhoneSimulator.ActiveCfg = Release|iPhoneSimulator
		{C6F9F8D7-8B45-49E6-891E-9AF965BCC389}.Release|iPhoneSimulator.Build.0 = Release|iPhoneSimulator
		{C6F9F8D7-8B45-49E6-891E-9AF965BCC389}.Release|iPhoneSimulator.Deploy.0 = Release|iPhoneSimulator
		{5A878686-084C-4544-8ED7-C2621A8FE266}.Ad-Hoc|Any CPU.ActiveCfg = Debug|Any CPU
		{5A878686-084C-4544-8ED7-C2621A8FE266}.Ad-Hoc|Any CPU.Build.0 = Debug|Any CPU
		{5A878686-084C-4544-8ED7-C2621A8FE266}.Ad-Hoc|Any CPU.Deploy.0 = Debug|Any CPU
		{5A878686-084C-4544-8ED7-C2621A8FE266}.Ad-Hoc|iPhone.ActiveCfg = Debug|Any CPU
		{5A878686-084C-4544-8ED7-C2621A8FE266}.Ad-Hoc|iPhone.Build.0 = Debug|Any CPU
		{5A878686-084C-4544-8ED7-C2621A8FE266}.Ad-Hoc|iPhone.Deploy.0 = Debug|Any CPU
		{5A878686-084C-4544-8ED7-C2621A8FE266}.Ad-Hoc|iPhoneSimulator.ActiveCfg = Debug|Any CPU
		{5A878686-084C-4544-8ED7-C2621A8FE266}.Ad-Hoc|iPhoneSimulator.Build.0 = Debug|Any CPU
		{5A878686-084C-4544-8ED7-C2621A8FE266}.Ad-Hoc|iPhoneSimulator.Deploy.0 = Debug|Any CPU
		{5A878686-084C-4544-8ED7-C2621A8FE266}.AppStore|Any CPU.ActiveCfg = Debug|Any CPU
		{5A878686-084C-4544-8ED7-C2621A8FE266}.AppStore|Any CPU.Build.0 = Debug|Any CPU
		{5A878686-084C-4544-8ED7-C2621A8FE266}.AppStore|Any CPU.Deploy.0 = Debug|Any CPU
		{5A878686-084C-4544-8ED7-C2621A8FE266}.AppStore|iPhone.ActiveCfg = Debug|Any CPU
		{5A878686-084C-4544-8ED7-C2621A8FE266}.AppStore|iPhone.Build.0 = Debug|Any CPU
		{5A878686-084C-4544-8ED7-C2621A8FE266}.AppStore|iPhone.Deploy.0 = Debug|Any CPU
		{5A878686-084C-4544-8ED7-C2621A8FE266}.AppStore|iPhoneSimulator.ActiveCfg = Debug|Any CPU
		{5A878686-084C-4544-8ED7-C2621A8FE266}.AppStore|iPhoneSimulator.Build.0 = Debug|Any CPU
		{5A878686-084C-4544-8ED7-C2621A8FE266}.AppStore|iPhoneSimulator.Deploy.0 = Debug|Any CPU
		{5A878686-084C-4544-8ED7-C2621A8FE266}.Debug|Any CPU.ActiveCfg = Debug|Any CPU
		{5A878686-084C-4544-8ED7-C2621A8FE266}.Debug|Any CPU.Build.0 = Debug|Any CPU
		{5A878686-084C-4544-8ED7-C2621A8FE266}.Debug|Any CPU.Deploy.0 = Debug|Any CPU
		{5A878686-084C-4544-8ED7-C2621A8FE266}.Debug|iPhone.ActiveCfg = Debug|Any CPU
		{5A878686-084C-4544-8ED7-C2621A8FE266}.Debug|iPhone.Build.0 = Debug|Any CPU
		{5A878686-084C-4544-8ED7-C2621A8FE266}.Debug|iPhone.Deploy.0 = Debug|Any CPU
		{5A878686-084C-4544-8ED7-C2621A8FE266}.Debug|iPhoneSimulator.ActiveCfg = Debug|Any CPU
		{5A878686-084C-4544-8ED7-C2621A8FE266}.Debug|iPhoneSimulator.Build.0 = Debug|Any CPU
		{5A878686-084C-4544-8ED7-C2621A8FE266}.Debug|iPhoneSimulator.Deploy.0 = Debug|Any CPU
		{5A878686-084C-4544-8ED7-C2621A8FE266}.Release|Any CPU.ActiveCfg = Release|Any CPU
		{5A878686-084C-4544-8ED7-C2621A8FE266}.Release|Any CPU.Build.0 = Release|Any CPU
		{5A878686-084C-4544-8ED7-C2621A8FE266}.Release|Any CPU.Deploy.0 = Release|Any CPU
		{5A878686-084C-4544-8ED7-C2621A8FE266}.Release|iPhone.ActiveCfg = Release|Any CPU
		{5A878686-084C-4544-8ED7-C2621A8FE266}.Release|iPhone.Build.0 = Release|Any CPU
		{5A878686-084C-4544-8ED7-C2621A8FE266}.Release|iPhone.Deploy.0 = Release|Any CPU
		{5A878686-084C-4544-8ED7-C2621A8FE266}.Release|iPhoneSimulator.ActiveCfg = Release|Any CPU
		{5A878686-084C-4544-8ED7-C2621A8FE266}.Release|iPhoneSimulator.Build.0 = Release|Any CPU
		{5A878686-084C-4544-8ED7-C2621A8FE266}.Release|iPhoneSimulator.Deploy.0 = Release|Any CPU
	EndGlobalSection
	GlobalSection(SolutionProperties) = preSolution
		HideSolutionNode = FALSE
	EndGlobalSection
	GlobalSection(ExtensibilityGlobals) = postSolution
		SolutionGuid = {45DF5934-A1A4-49CE-83FE-46BEC7E9FBAA}
	EndGlobalSection
EndGlobal
